// !$*UTF8*$!
{
	archiveVersion = 1;
	classes = {
	};
	objectVersion = 50;
	objects = {

/* Begin PBXBuildFile section */
		57CD763022C9EA6C00C95193 /* AppDelegate.m in Sources */ = {isa = PBXBuildFile; fileRef = 57CD762F22C9EA6C00C95193 /* AppDelegate.m */; };
		57CD763322C9EA6C00C95193 /* ViewController.m in Sources */ = {isa = PBXBuildFile; fileRef = 57CD763222C9EA6C00C95193 /* ViewController.m */; };
		57CD763622C9EA6C00C95193 /* Main.storyboard in Resources */ = {isa = PBXBuildFile; fileRef = 57CD763422C9EA6C00C95193 /* Main.storyboard */; };
		57CD763822C9EA6D00C95193 /* Assets.xcassets in Resources */ = {isa = PBXBuildFile; fileRef = 57CD763722C9EA6D00C95193 /* Assets.xcassets */; };
		57CD763B22C9EA6D00C95193 /* LaunchScreen.storyboard in Resources */ = {isa = PBXBuildFile; fileRef = 57CD763922C9EA6D00C95193 /* LaunchScreen.storyboard */; };
		57CD763E22C9EA6D00C95193 /* main.m in Sources */ = {isa = PBXBuildFile; fileRef = 57CD763D22C9EA6D00C95193 /* main.m */; };
/* End PBXBuildFile section */

/* Begin PBXFileReference section */
		57CD762B22C9EA6C00C95193 /* 语音识别.app */ = {isa = PBXFileReference; explicitFileType = wrapper.application; includeInIndex = 0; path = "语音识别.app"; sourceTree = BUILT_PRODUCTS_DIR; };
		57CD762E22C9EA6C00C95193 /* AppDelegate.h */ = {isa = PBXFileReference; lastKnownFileType = sourcecode.c.h; path = AppDelegate.h; sourceTree = "<group>"; };
		57CD762F22C9EA6C00C95193 /* AppDelegate.m */ = {isa = PBXFileReference; lastKnownFileType = sourcecode.c.objc; path = AppDelegate.m; sourceTree = "<group>"; };
		57CD763122C9EA6C00C95193 /* ViewController.h */ = {isa = PBXFileReference; lastKnownFileType = sourcecode.c.h; path = ViewController.h; sourceTree = "<group>"; };
		57CD763222C9EA6C00C95193 /* ViewController.m */ = {isa = PBXFileReference; lastKnownFileType = sourcecode.c.objc; path = ViewController.m; sourceTree = "<group>"; };
		57CD763522C9EA6C00C95193 /* Base */ = {isa = PBXFileReference; lastKnownFileType = file.storyboard; name = Base; path = Base.lproj/Main.storyboard; sourceTree = "<group>"; };
		57CD763722C9EA6D00C95193 /* Assets.xcassets */ = {isa = PBXFileReference; lastKnownFileType = folder.assetcatalog; path = Assets.xcassets; sourceTree = "<group>"; };
		57CD763A22C9EA6D00C95193 /* Base */ = {isa = PBXFileReference; lastKnownFileType = file.storyboard; name = Base; path = Base.lproj/LaunchScreen.storyboard; sourceTree = "<group>"; };
		57CD763C22C9EA6D00C95193 /* Info.plist */ = {isa = PBXFileReference; lastKnownFileType = text.plist.xml; path = Info.plist; sourceTree = "<group>"; };
		57CD763D22C9EA6D00C95193 /* main.m */ = {isa = PBXFileReference; lastKnownFileType = sourcecode.c.objc; path = main.m; sourceTree = "<group>"; };
/* End PBXFileReference section */

/* Begin PBXFrameworksBuildPhase section */
		57CD762822C9EA6C00C95193 /* Frameworks */ = {
			isa = PBXFrameworksBuildPhase;
			buildActionMask = 2147483647;
			files = (
			);
			runOnlyForDeploymentPostprocessing = 0;
		};
/* End PBXFrameworksBuildPhase section */

/* Begin PBXGroup section */
		57CD762222C9EA6C00C95193 = {
			isa = PBXGroup;
			children = (
				57CD762D22C9EA6C00C95193 /* 语音识别 */,
				57CD762C22C9EA6C00C95193 /* Products */,
			);
			sourceTree = "<group>";
		};
		57CD762C22C9EA6C00C95193 /* Products */ = {
			isa = PBXGroup;
			children = (
				57CD762B22C9EA6C00C95193 /* 语音识别.app */,
			);
			name = Products;
			sourceTree = "<group>";
		};
		57CD762D22C9EA6C00C95193 /* 语音识别 */ = {
			isa = PBXGroup;
			children = (
				57CD762E22C9EA6C00C95193 /* AppDelegate.h */,
				57CD762F22C9EA6C00C95193 /* AppDelegate.m */,
				57CD763122C9EA6C00C95193 /* ViewController.h */,
				57CD763222C9EA6C00C95193 /* ViewController.m */,
				57CD763422C9EA6C00C95193 /* Main.storyboard */,
				57CD763722C9EA6D00C95193 /* Assets.xcassets */,
				57CD763922C9EA6D00C95193 /* LaunchScreen.storyboard */,
				57CD763C22C9EA6D00C95193 /* Info.plist */,
				57CD763D22C9EA6D00C95193 /* main.m */,
			);
			path = "语音识别";
			sourceTree = "<group>";
		};
/* End PBXGroup section */

/* Begin PBXNativeTarget section */
		57CD762A22C9EA6C00C95193 /* 语音识别 */ = {
			isa = PBXNativeTarget;
			buildConfigurationList = 57CD764122C9EA6D00C95193 /* Build configuration list for PBXNativeTarget "语音识别" */;
			buildPhases = (
				57CD762722C9EA6C00C95193 /* Sources */,
				57CD762822C9EA6C00C95193 /* Frameworks */,
				57CD762922C9EA6C00C95193 /* Resources */,
			);
			buildRules = (
			);
			dependencies = (
			);
			name = "语音识别";
			productName = "语音识别";
			productReference = 57CD762B22C9EA6C00C95193 /* 语音识别.app */;
			productType = "com.apple.product-type.application";
		};
/* End PBXNativeTarget section */

/* Begin PBXProject section */
		57CD762322C9EA6C00C95193 /* Project object */ = {
			isa = PBXProject;
			attributes = {
				LastUpgradeCheck = 1020;
				ORGANIZATIONNAME = Ssky;
				TargetAttributes = {
					57CD762A22C9EA6C00C95193 = {
						CreatedOnToolsVersion = 10.2.1;
					};
				};
			};
			buildConfigurationList = 57CD762622C9EA6C00C95193 /* Build configuration list for PBXProject "语音识别" */;
			compatibilityVersion = "Xcode 9.3";
			developmentRegion = en;
			hasScannedForEncodings = 0;
			knownRegions = (
				en,
				Base,
			);
			mainGroup = 57CD762222C9EA6C00C95193;
			productRefGroup = 57CD762C22C9EA6C00C95193 /* Products */;
			projectDirPath = "";
			projectRoot = "";
			targets = (
				57CD762A22C9EA6C00C95193 /* 语音识别 */,
			);
		};
/* End PBXProject section */

/* Begin PBXResourcesBuildPhase section */
		57CD762922C9EA6C00C95193 /* Resources */ = {
			isa = PBXResourcesBuildPhase;
			buildActionMask = 2147483647;
			files = (
				57CD763B22C9EA6D00C95193 /* LaunchScreen.storyboard in Resources */,
				57CD763822C9EA6D00C95193 /* Assets.xcassets in Resources */,
				57CD763622C9EA6C00C95193 /* Main.storyboard in Resources */,
			);
			runOnlyForDeploymentPostprocessing = 0;
		};
/* End PBXResourcesBuildPhase section */

/* Begin PBXSourcesBuildPhase section */
		57CD762722C9EA6C00C95193 /* Sources */ = {
			isa = PBXSourcesBuildPhase;
			buildActionMask = 2147483647;
			files = (
				57CD763322C9EA6C00C95193 /* ViewController.m in Sources */,
				57CD763E22C9EA6D00C95193 /* main.m in Sources */,
				57CD763022C9EA6C00C95193 /* AppDelegate.m in Sources */,
			);
			runOnlyForDeploymentPostprocessing = 0;
		};
/* End PBXSourcesBuildPhase section */

/* Begin PBXVariantGroup section */
		57CD763422C9EA6C00C95193 /* Main.storyboard */ = {
			isa = PBXVariantGroup;
			children = (
				57CD763522C9EA6C00C95193 /* Base */,
			);
			name = Main.storyboard;
			sourceTree = "<group>";
		};
		57CD763922C9EA6D00C95193 /* LaunchScreen.storyboard */ = {
			isa = PBXVariantGroup;
			children = (
				57CD763A22C9EA6D00C95193 /* Base */,
			);
			name = LaunchScreen.storyboard;
			sourceTree = "<group>";
		};
/* End PBXVariantGroup section */

/* Begin XCBuildConfiguration section */
		57CD763F22C9EA6D00C95193 /* Debug */ = {
			isa = XCBuildConfiguration;
			buildSettings = {
				ALWAYS_SEARCH_USER_PATHS = NO;
				CLANG_ANALYZER_NONNULL = YES;
				CLANG_ANALYZER_NUMBER_OBJECT_CONVERSION = YES_AGGRESSIVE;
				CLANG_CXX_LANGUAGE_STANDARD = "gnu++14";
				CLANG_CXX_LIBRARY = "libc++";
				CLANG_ENABLE_MODULES = YES;
				CLANG_ENABLE_OBJC_ARC = YES;
				CLANG_ENABLE_OBJC_WEAK = YES;
				CLANG_WARN_BLOCK_CAPTURE_AUTORELEASING = YES;
				CLANG_WARN_BOOL_CONVERSION = YES;
				CLANG_WARN_COMMA = YES;
				CLANG_WARN_CONSTANT_CONVERSION = YES;
				CLANG_WARN_DEPRECATED_OBJC_IMPLEMENTATIONS = YES;
				CLANG_WARN_DIRECT_OBJC_ISA_USAGE = YES_ERROR;
				CLANG_WARN_DOCUMENTATION_COMMENTS = YES;
				CLANG_WARN_EMPTY_BODY = YES;
				CLANG_WARN_ENUM_CONVERSION = YES;
				CLANG_WARN_INFINITE_RECURSION = YES;
				CLANG_WARN_INT_CONVERSION = YES;
				CLANG_WARN_NON_LITERAL_NULL_CONVERSION = YES;
				CLANG_WARN_OBJC_IMPLICIT_RETAIN_SELF = YES;
				CLANG_WARN_OBJC_LITERAL_CONVERSION = YES;
				CLANG_WARN_OBJC_ROOT_CLASS = YES_ERROR;
				CLANG_WARN_RANGE_LOOP_ANALYSIS = YES;
				CLANG_WARN_STRICT_PROTOTYPES = YES;
				CLANG_WARN_SUSPICIOUS_MOVE = YES;
				CLANG_WARN_UNGUARDED_AVAILABILITY = YES_AGGRESSIVE;
				CLANG_WARN_UNREACHABLE_CODE = YES;
				CLANG_WARN__DUPLICATE_METHOD_MATCH = YES;
				CODE_SIGN_IDENTITY = "iPhone Developer";
				COPY_PHASE_STRIP = NO;
				DEBUG_INFORMATION_FORMAT = dwarf;
				ENABLE_STRICT_OBJC_MSGSEND = YES;
				ENABLE_TESTABILITY = YES;
				GCC_C_LANGUAGE_STANDARD = gnu11;
				GCC_DYNAMIC_NO_PIC = NO;
				GCC_NO_COMMON_BLOCKS = YES;
				GCC_OPTIMIZATION_LEVEL = 0;
				GCC_PREPROCESSOR_DEFINITIONS = (
					"DEBUG=1",
					"$(inherited)",
				);
				GCC_WARN_64_TO_32_BIT_CONVERSION = YES;
				GCC_WARN_ABOUT_RETURN_TYPE = YES_ERROR;
				GCC_WARN_UNDECLARED_SELECTOR = YES;
				GCC_WARN_UNINITIALIZED_AUTOS = YES_AGGRESSIVE;
				GCC_WARN_UNUSED_FUNCTION = YES;
				GCC_WARN_UNUSED_VARIABLE = YES;
				IPHONEOS_DEPLOYMENT_TARGET = 12.2;
				MTL_ENABLE_DEBUG_INFO = INCLUDE_SOURCE;
				MTL_FAST_MATH = YES;
				ONLY_ACTIVE_ARCH = YES;
				SDKROOT = iphoneos;
			};
			name = Debug;
		};
		57CD764022C9EA6D00C95193 /* Release */ = {
			isa = XCBuildConfiguration;
			buildSettings = {
				ALWAYS_SEARCH_USER_PATHS = NO;
				CLANG_ANALYZER_NONNULL = YES;
				CLANG_ANALYZER_NUMBER_OBJECT_CONVERSION = YES_AGGRESSIVE;
				CLANG_CXX_LANGUAGE_STANDARD = "gnu++14";
				CLANG_CXX_LIBRARY = "libc++";
				CLANG_ENABLE_MODULES = YES;
				CLANG_ENABLE_OBJC_ARC = YES;
				CLANG_ENABLE_OBJC_WEAK = YES;
				CLANG_WARN_BLOCK_CAPTURE_AUTORELEASING = YES;
				CLANG_WARN_BOOL_CONVERSION = YES;
				CLANG_WARN_COMMA = YES;
				CLANG_WARN_CONSTANT_CONVERSION = YES;
				CLANG_WARN_DEPRECATED_OBJC_IMPLEMENTATIONS = YES;
				CLANG_WARN_DIRECT_OBJC_ISA_USAGE = YES_ERROR;
				CLANG_WARN_DOCUMENTATION_COMMENTS = YES;
				CLANG_WARN_EMPTY_BODY = YES;
				CLANG_WARN_ENUM_CONVERSION = YES;
				CLANG_WARN_INFINITE_RECURSION = YES;
				CLANG_WARN_INT_CONVERSION = YES;
				CLANG_WARN_NON_LITERAL_NULL_CONVERSION = YES;
				CLANG_WARN_OBJC_IMPLICIT_RETAIN_SELF = YES;
				CLANG_WARN_OBJC_LITERAL_CONVERSION = YES;
				CLANG_WARN_OBJC_ROOT_CLASS = YES_ERROR;
				CLANG_WARN_RANGE_LOOP_ANALYSIS = YES;
				CLANG_WARN_STRICT_PROTOTYPES = YES;
				CLANG_WARN_SUSPICIOUS_MOVE = YES;
				CLANG_WARN_UNGUARDED_AVAILABILITY = YES_AGGRESSIVE;
				CLANG_WARN_UNREACHABLE_CODE = YES;
				CLANG_WARN__DUPLICATE_METHOD_MATCH = YES;
				CODE_SIGN_IDENTITY = "iPhone Developer";
				COPY_PHASE_STRIP = NO;
				DEBUG_INFORMATION_FORMAT = "dwarf-with-dsym";
				ENABLE_NS_ASSERTIONS = NO;
				ENABLE_STRICT_OBJC_MSGSEND = YES;
				GCC_C_LANGUAGE_STANDARD = gnu11;
				GCC_NO_COMMON_BLOCKS = YES;
				GCC_WARN_64_TO_32_BIT_CONVERSION = YES;
				GCC_WARN_ABOUT_RETURN_TYPE = YES_ERROR;
				GCC_WARN_UNDECLARED_SELECTOR = YES;
				GCC_WARN_UNINITIALIZED_AUTOS = YES_AGGRESSIVE;
				GCC_WARN_UNUSED_FUNCTION = YES;
				GCC_WARN_UNUSED_VARIABLE = YES;
				IPHONEOS_DEPLOYMENT_TARGET = 12.2;
				MTL_ENABLE_DEBUG_INFO = NO;
				MTL_FAST_MATH = YES;
				SDKROOT = iphoneos;
				VALIDATE_PRODUCT = YES;
			};
			name = Release;
		};
		57CD764222C9EA6D00C95193 /* Debug */ = {
			isa = XCBuildConfiguration;
			buildSettings = {
				ASSETCATALOG_COMPILER_APPICON_NAME = AppIcon;
				CODE_SIGN_STYLE = Automatic;
				DEVELOPMENT_TEAM = X85Z42JGXF;
				INFOPLIST_FILE = "语音识别/Info.plist";
				IPHONEOS_DEPLOYMENT_TARGET = 10.0;
				LD_RUNPATH_SEARCH_PATHS = (
					"$(inherited)",
					"@executable_path/Frameworks",
				);
				PRODUCT_BUNDLE_IDENTIFIER = "com.personal.----";
				PRODUCT_NAME = "$(TARGET_NAME)";
				TARGETED_DEVICE_FAMILY = "1,2";
			};
			name = Debug;
		};
		57CD764322C9EA6D00C95193 /* Release */ = {
			isa = XCBuildConfiguration;
			buildSettings = {
				ASSETCATALOG_COMPILER_APPICON_NAME = AppIcon;
				CODE_SIGN_STYLE = Automatic;
				DEVELOPMENT_TEAM = X85Z42JGXF;
				INFOPLIST_FILE = "语音识别/Info.plist";
				IPHONEOS_DEPLOYMENT_TARGET = 10.0;
				LD_RUNPATH_SEARCH_PATHS = (
					"$(inherited)",
					"@executable_path/Frameworks",
				);
				PRODUCT_BUNDLE_IDENTIFIER = "com.personal.----";
				PRODUCT_NAME = "$(TARGET_NAME)";
				TARGETED_DEVICE_FAMILY = "1,2";
			};
			name = Release;
		};
/* End XCBuildConfiguration section */

/* Begin XCConfigurationList section */
		57CD762622C9EA6C00C95193 /* Build configuration list for PBXProject "语音识别" */ = {
			isa = XCConfigurationList;
			buildConfigurations = (
				57CD763F22C9EA6D00C95193 /* Debug */,
				57CD764022C9EA6D00C95193 /* Release */,
			);
			defaultConfigurationIsVisible = 0;
			defaultConfigurationName = Release;
		};
		57CD764122C9EA6D00C95193 /* Build configuration list for PBXNativeTarget "语音识别" */ = {
			isa = XCConfigurationList;
			buildConfigurations = (
				57CD764222C9EA6D00C95193 /* Debug */,
				57CD764322C9EA6D00C95193 /* Release */,
			);
			defaultConfigurationIsVisible = 0;
			defaultConfigurationName = Release;
		};
/* End XCConfigurationList section */
	};
	rootObject = 57CD762322C9EA6C00C95193 /* Project object */;
}
